
Microsoft Visual Studio Solution File, Format Version 12.00
# Visual Studio 15
VisualStudioVersion = 15.0.26430.14
MinimumVisualStudioVersion = 10.0.40219.1
Project("{FAE04EC0-301F-11D3-BF4B-00C04F79EFBC}") = "Tic_Tac_Toe.Android", "Tic Tac Toe\Tic_Tac_Toe.Android\Tic_Tac_Toe.Android.csproj", "{5A44BB64-F333-4225-9905-0BADC88D2FED}"
EndProject
Project("{FAE04EC0-301F-11D3-BF4B-00C04F79EFBC}") = "Tic_Tac_Toe", "Tic Tac Toe\Tic_Tac_Toe\Tic_Tac_Toe.csproj", "{C84F90C5-977E-44A5-8F18-73F89E94E251}"
EndProject
Project("{FAE04EC0-301F-11D3-BF4B-00C04F79EFBC}") = "Tic_Tac_Toe.UWP", "Tic Tac Toe\Tic_Tac_Toe.UWP\Tic_Tac_Toe.UWP.csproj", "{926E591F-3417-49C6-AE8B-0CFACFADD74E}"
EndProject
Project("{FAE04EC0-301F-11D3-BF4B-00C04F79EFBC}") = "Tic_Tac_Toe.iOS", "Tic Tac Toe\Tic_Tac_Toe.iOS\Tic_Tac_Toe.iOS.csproj", "{87C27927-4A36-4114-8D90-176B6784B2B5}"
EndProject
Global
	GlobalSection(SolutionConfigurationPlatforms) = preSolution
		Ad-Hoc|Any CPU = Ad-Hoc|Any CPU
		Ad-Hoc|ARM = Ad-Hoc|ARM
		Ad-Hoc|iPhone = Ad-Hoc|iPhone
		Ad-Hoc|iPhoneSimulator = Ad-Hoc|iPhoneSimulator
		Ad-Hoc|x64 = Ad-Hoc|x64
		Ad-Hoc|x86 = Ad-Hoc|x86
		AppStore|Any CPU = AppStore|Any CPU
		AppStore|ARM = AppStore|ARM
		AppStore|iPhone = AppStore|iPhone
		AppStore|iPhoneSimulator = AppStore|iPhoneSimulator
		AppStore|x64 = AppStore|x64
		AppStore|x86 = AppStore|x86
		Debug|Any CPU = Debug|Any CPU
		Debug|ARM = Debug|ARM
		Debug|iPhone = Debug|iPhone
		Debug|iPhoneSimulator = Debug|iPhoneSimulator
		Debug|x64 = Debug|x64
		Debug|x86 = Debug|x86
		Release|Any CPU = Release|Any CPU
		Release|ARM = Release|ARM
		Release|iPhone = Release|iPhone
		Release|iPhoneSimulator = Release|iPhoneSimulator
		Release|x64 = Release|x64
		Release|x86 = Release|x86
	EndGlobalSection
	GlobalSection(ProjectConfigurationPlatforms) = postSolution
		{5A44BB64-F333-4225-9905-0BADC88D2FED}.Ad-Hoc|Any CPU.ActiveCfg = Release|Any CPU
		{5A44BB64-F333-4225-9905-0BADC88D2FED}.Ad-Hoc|Any CPU.Build.0 = Release|Any CPU
		{5A44BB64-F333-4225-9905-0BADC88D2FED}.Ad-Hoc|Any CPU.Deploy.0 = Release|Any CPU
		{5A44BB64-F333-4225-9905-0BADC88D2FED}.Ad-Hoc|ARM.ActiveCfg = Release|Any CPU
		{5A44BB64-F333-4225-9905-0BADC88D2FED}.Ad-Hoc|ARM.Build.0 = Release|Any CPU
		{5A44BB64-F333-4225-9905-0BADC88D2FED}.Ad-Hoc|ARM.Deploy.0 = Release|Any CPU
		{5A44BB64-F333-4225-9905-0BADC88D2FED}.Ad-Hoc|iPhone.ActiveCfg = Release|Any CPU
		{5A44BB64-F333-4225-9905-0BADC88D2FED}.Ad-Hoc|iPhone.Build.0 = Release|Any CPU
		{5A44BB64-F333-4225-9905-0BADC88D2FED}.Ad-Hoc|iPhone.Deploy.0 = Release|Any CPU
		{5A44BB64-F333-4225-9905-0BADC88D2FED}.Ad-Hoc|iPhoneSimulator.ActiveCfg = Release|Any CPU
		{5A44BB64-F333-4225-9905-0BADC88D2FED}.Ad-Hoc|iPhoneSimulator.Build.0 = Release|Any CPU
		{5A44BB64-F333-4225-9905-0BADC88D2FED}.Ad-Hoc|iPhoneSimulator.Deploy.0 = Release|Any CPU
		{5A44BB64-F333-4225-9905-0BADC88D2FED}.Ad-Hoc|x64.ActiveCfg = Release|Any CPU
		{5A44BB64-F333-4225-9905-0BADC88D2FED}.Ad-Hoc|x64.Build.0 = Release|Any CPU
		{5A44BB64-F333-4225-9905-0BADC88D2FED}.Ad-Hoc|x64.Deploy.0 = Release|Any CPU
		{5A44BB64-F333-4225-9905-0BADC88D2FED}.Ad-Hoc|x86.ActiveCfg = Release|Any CPU
		{5A44BB64-F333-4225-9905-0BADC88D2FED}.Ad-Hoc|x86.Build.0 = Release|Any CPU
		{5A44BB64-F333-4225-9905-0BADC88D2FED}.Ad-Hoc|x86.Deploy.0 = Release|Any CPU
		{5A44BB64-F333-4225-9905-0BADC88D2FED}.AppStore|Any CPU.ActiveCfg = Release|Any CPU
		{5A44BB64-F333-4225-9905-0BADC88D2FED}.AppStore|Any CPU.Build.0 = Release|Any CPU
		{5A44BB64-F333-4225-9905-0BADC88D2FED}.AppStore|Any CPU.Deploy.0 = Release|Any CPU
		{5A44BB64-F333-4225-9905-0BADC88D2FED}.AppStore|ARM.ActiveCfg = Release|Any CPU
		{5A44BB64-F333-4225-9905-0BADC88D2FED}.AppStore|ARM.Build.0 = Release|Any CPU
		{5A44BB64-F333-4225-9905-0BADC88D2FED}.AppStore|ARM.Deploy.0 = Release|Any CPU
		{5A44BB64-F333-4225-9905-0BADC88D2FED}.AppStore|iPhone.ActiveCfg = Release|Any CPU
		{5A44BB64-F333-4225-9905-0BADC88D2FED}.AppStore|iPhone.Build.0 = Release|Any CPU
		{5A44BB64-F333-4225-9905-0BADC88D2FED}.AppStore|iPhone.Deploy.0 = Release|Any CPU
		{5A44BB64-F333-4225-9905-0BADC88D2FED}.AppStore|iPhoneSimulator.ActiveCfg = Release|Any CPU
		{5A44BB64-F333-4225-9905-0BADC88D2FED}.AppStore|iPhoneSimulator.Build.0 = Release|Any CPU
		{5A44BB64-F333-4225-9905-0BADC88D2FED}.AppStore|iPhoneSimulator.Deploy.0 = Release|Any CPU
		{5A44BB64-F333-4225-9905-0BADC88D2FED}.AppStore|x64.ActiveCfg = Release|Any CPU
		{5A44BB64-F333-4225-9905-0BADC88D2FED}.AppStore|x64.Build.0 = Release|Any CPU
		{5A44BB64-F333-4225-9905-0BADC88D2FED}.AppStore|x64.Deploy.0 = Release|Any CPU
		{5A44BB64-F333-4225-9905-0BADC88D2FED}.AppStore|x86.ActiveCfg = Release|Any CPU
		{5A44BB64-F333-4225-9905-0BADC88D2FED}.AppStore|x86.Build.0 = Release|Any CPU
		{5A44BB64-F333-4225-9905-0BADC88D2FED}.AppStore|x86.Deploy.0 = Release|Any CPU
		{5A44BB64-F333-4225-9905-0BADC88D2FED}.Debug|Any CPU.ActiveCfg = Debug|Any CPU
		{5A44BB64-F333-4225-9905-0BADC88D2FED}.Debug|Any CPU.Build.0 = Debug|Any CPU
		{5A44BB64-F333-4225-9905-0BADC88D2FED}.Debug|Any CPU.Deploy.0 = Debug|Any CPU
		{5A44BB64-F333-4225-9905-0BADC88D2FED}.Debug|ARM.ActiveCfg = Debug|Any CPU
		{5A44BB64-F333-4225-9905-0BADC88D2FED}.Debug|ARM.Build.0 = Debug|Any CPU
		{5A44BB64-F333-4225-9905-0BADC88D2FED}.Debug|ARM.Deploy.0 = Debug|Any CPU
		{5A44BB64-F333-4225-9905-0BADC88D2FED}.Debug|iPhone.ActiveCfg = Debug|Any CPU
		{5A44BB64-F333-4225-9905-0BADC88D2FED}.Debug|iPhone.Build.0 = Debug|Any CPU
		{5A44BB64-F333-4225-9905-0BADC88D2FED}.Debug|iPhone.Deploy.0 = Debug|Any CPU
		{5A44BB64-F333-4225-9905-0BADC88D2FED}.Debug|iPhoneSimulator.ActiveCfg = Debug|Any CPU
		{5A44BB64-F333-4225-9905-0BADC88D2FED}.Debug|iPhoneSimulator.Build.0 = Debug|Any CPU
		{5A44BB64-F333-4225-9905-0BADC88D2FED}.Debug|iPhoneSimulator.Deploy.0 = Debug|Any CPU
		{5A44BB64-F333-4225-9905-0BADC88D2FED}.Debug|x64.ActiveCfg = Debug|Any CPU
		{5A44BB64-F333-4225-9905-0BADC88D2FED}.Debug|x64.Build.0 = Debug|Any CPU
		{5A44BB64-F333-4225-9905-0BADC88D2FED}.Debug|x64.Deploy.0 = Debug|Any CPU
		{5A44BB64-F333-4225-9905-0BADC88D2FED}.Debug|x86.ActiveCfg = Debug|Any CPU
		{5A44BB64-F333-4225-9905-0BADC88D2FED}.Debug|x86.Build.0 = Debug|Any CPU
		{5A44BB64-F333-4225-9905-0BADC88D2FED}.Debug|x86.Deploy.0 = Debug|Any CPU
		{5A44BB64-F333-4225-9905-0BADC88D2FED}.Release|Any CPU.ActiveCfg = Release|Any CPU
		{5A44BB64-F333-4225-9905-0BADC88D2FED}.Release|Any CPU.Build.0 = Release|Any CPU
		{5A44BB64-F333-4225-9905-0BADC88D2FED}.Release|Any CPU.Deploy.0 = Release|Any CPU
		{5A44BB64-F333-4225-9905-0BADC88D2FED}.Release|ARM.ActiveCfg = Release|Any CPU
		{5A44BB64-F333-4225-9905-0BADC88D2FED}.Release|ARM.Build.0 = Release|Any CPU
		{5A44BB64-F333-4225-9905-0BADC88D2FED}.Release|ARM.Deploy.0 = Release|Any CPU
		{5A44BB64-F333-4225-9905-0BADC88D2FED}.Release|iPhone.ActiveCfg = Release|Any CPU
		{5A44BB64-F333-4225-9905-0BADC88D2FED}.Release|iPhone.Build.0 = Release|Any CPU
		{5A44BB64-F333-4225-9905-0BADC88D2FED}.Release|iPhone.Deploy.0 = Release|Any CPU
		{5A44BB64-F333-4225-9905-0BADC88D2FED}.Release|iPhoneSimulator.ActiveCfg = Release|Any CPU
		{5A44BB64-F333-4225-9905-0BADC88D2FED}.Release|iPhoneSimulator.Build.0 = Release|Any CPU
		{5A44BB64-F333-4225-9905-0BADC88D2FED}.Release|iPhoneSimulator.Deploy.0 = Release|Any CPU
		{5A44BB64-F333-4225-9905-0BADC88D2FED}.Release|x64.ActiveCfg = Release|Any CPU
		{5A44BB64-F333-4225-9905-0BADC88D2FED}.Release|x64.Build.0 = Release|Any CPU
		{5A44BB64-F333-4225-9905-0BADC88D2FED}.Release|x64.Deploy.0 = Release|Any CPU
		{5A44BB64-F333-4225-9905-0BADC88D2FED}.Release|x86.ActiveCfg = Release|Any CPU
		{5A44BB64-F333-4225-9905-0BADC88D2FED}.Release|x86.Build.0 = Release|Any CPU
		{5A44BB64-F333-4225-9905-0BADC88D2FED}.Release|x86.Deploy.0 = Release|Any CPU
		{C84F90C5-977E-44A5-8F18-73F89E94E251}.Ad-Hoc|Any CPU.ActiveCfg = Release|Any CPU
		{C84F90C5-977E-44A5-8F18-73F89E94E251}.Ad-Hoc|Any CPU.Build.0 = Release|Any CPU
		{C84F90C5-977E-44A5-8F18-73F89E94E251}.Ad-Hoc|ARM.ActiveCfg = Release|Any CPU
		{C84F90C5-977E-44A5-8F18-73F89E94E251}.Ad-Hoc|ARM.Build.0 = Release|Any CPU
		{C84F90C5-977E-44A5-8F18-73F89E94E251}.Ad-Hoc|iPhone.ActiveCfg = Release|Any CPU
		{C84F90C5-977E-44A5-8F18-73F89E94E251}.Ad-Hoc|iPhone.Build.0 = Release|Any CPU
		{C84F90C5-977E-44A5-8F18-73F89E94E251}.Ad-Hoc|iPhoneSimulator.ActiveCfg = Release|Any CPU
		{C84F90C5-977E-44A5-8F18-73F89E94E251}.Ad-Hoc|iPhoneSimulator.Build.0 = Release|Any CPU
		{C84F90C5-977E-44A5-8F18-73F89E94E251}.Ad-Hoc|x64.ActiveCfg = Release|Any CPU
		{C84F90C5-977E-44A5-8F18-73F89E94E251}.Ad-Hoc|x64.Build.0 = Release|Any CPU
		{C84F90C5-977E-44A5-8F18-73F89E94E251}.Ad-Hoc|x86.ActiveCfg = Release|Any CPU
		{C84F90C5-977E-44A5-8F18-73F89E94E251}.Ad-Hoc|x86.Build.0 = Release|Any CPU
		{C84F90C5-977E-44A5-8F18-73F89E94E251}.AppStore|Any CPU.ActiveCfg = Release|Any CPU
		{C84F90C5-977E-44A5-8F18-73F89E94E251}.AppStore|Any CPU.Build.0 = Release|Any CPU
		{C84F90C5-977E-44A5-8F18-73F89E94E251}.AppStore|ARM.ActiveCfg = Release|Any CPU
		{C84F90C5-977E-44A5-8F18-73F89E94E251}.AppStore|ARM.Build.0 = Release|Any CPU
		{C84F90C5-977E-44A5-8F18-73F89E94E251}.AppStore|iPhone.ActiveCfg = Release|Any CPU
		{C84F90C5-977E-44A5-8F18-73F89E94E251}.AppStore|iPhone.Build.0 = Release|Any CPU
		{C84F90C5-977E-44A5-8F18-73F89E94E251}.AppStore|iPhoneSimulator.ActiveCfg = Release|Any CPU
		{C84F90C5-977E-44A5-8F18-73F89E94E251}.AppStore|iPhoneSimulator.Build.0 = Release|Any CPU
		{C84F90C5-977E-44A5-8F18-73F89E94E251}.AppStore|x64.ActiveCfg = Release|Any CPU
		{C84F90C5-977E-44A5-8F18-73F89E94E251}.AppStore|x64.Build.0 = Release|Any CPU
		{C84F90C5-977E-44A5-8F18-73F89E94E251}.AppStore|x86.ActiveCfg = Release|Any CPU
		{C84F90C5-977E-44A5-8F18-73F89E94E251}.AppStore|x86.Build.0 = Release|Any CPU
		{C84F90C5-977E-44A5-8F18-73F89E94E251}.Debug|Any CPU.ActiveCfg = Debug|Any CPU
		{C84F90C5-977E-44A5-8F18-73F89E94E251}.Debug|Any CPU.Build.0 = Debug|Any CPU
		{C84F90C5-977E-44A5-8F18-73F89E94E251}.Debug|ARM.ActiveCfg = Debug|Any CPU
		{C84F90C5-977E-44A5-8F18-73F89E94E251}.Debug|ARM.Build.0 = Debug|Any CPU
		{C84F90C5-977E-44A5-8F18-73F89E94E251}.Debug|iPhone.ActiveCfg = Debug|Any CPU
		{C84F90C5-977E-44A5-8F18-73F89E94E251}.Debug|iPhone.Build.0 = Debug|Any CPU
		{C84F90C5-977E-44A5-8F18-73F89E94E251}.Debug|iPhoneSimulator.ActiveCfg = Debug|Any CPU
		{C84F90C5-977E-44A5-8F18-73F89E94E251}.Debug|iPhoneSimulator.Build.0 = Debug|Any CPU
		{C84F90C5-977E-44A5-8F18-73F89E94E251}.Debug|x64.ActiveCfg = Debug|Any CPU
		{C84F90C5-977E-44A5-8F18-73F89E94E251}.Debug|x64.Build.0 = Debug|Any CPU
		{C84F90C5-977E-44A5-8F18-73F89E94E251}.Debug|x86.ActiveCfg = Debug|Any CPU
		{C84F90C5-977E-44A5-8F18-73F89E94E251}.Debug|x86.Build.0 = Debug|Any CPU
		{C84F90C5-977E-44A5-8F18-73F89E94E251}.Release|Any CPU.ActiveCfg = Release|Any CPU
		{C84F90C5-977E-44A5-8F18-73F89E94E251}.Release|Any CPU.Build.0 = Release|Any CPU
		{C84F90C5-977E-44A5-8F18-73F89E94E251}.Release|ARM.ActiveCfg = Release|Any CPU
		{C84F90C5-977E-44A5-8F18-73F89E94E251}.Release|ARM.Build.0 = Release|Any CPU
		{C84F90C5-977E-44A5-8F18-73F89E94E251}.Release|iPhone.ActiveCfg = Release|Any CPU
		{C84F90C5-977E-44A5-8F18-73F89E94E251}.Release|iPhone.Build.0 = Release|Any CPU
		{C84F90C5-977E-44A5-8F18-73F89E94E251}.Release|iPhoneSimulator.ActiveCfg = Release|Any CPU
		{C84F90C5-977E-44A5-8F18-73F89E94E251}.Release|iPhoneSimulator.Build.0 = Release|Any CPU
		{C84F90C5-977E-44A5-8F18-73F89E94E251}.Release|x64.ActiveCfg = Release|Any CPU
		{C84F90C5-977E-44A5-8F18-73F89E94E251}.Release|x64.Build.0 = Release|Any CPU
		{C84F90C5-977E-44A5-8F18-73F89E94E251}.Release|x86.ActiveCfg = Release|Any CPU
		{C84F90C5-977E-44A5-8F18-73F89E94E251}.Release|x86.Build.0 = Release|Any CPU
		{926E591F-3417-49C6-AE8B-0CFACFADD74E}.Ad-Hoc|Any CPU.ActiveCfg = Release|x86
		{926E591F-3417-49C6-AE8B-0CFACFADD74E}.Ad-Hoc|Any CPU.Build.0 = Release|x86
		{926E591F-3417-49C6-AE8B-0CFACFADD74E}.Ad-Hoc|Any CPU.Deploy.0 = Release|x86
		{926E591F-3417-49C6-AE8B-0CFACFADD74E}.Ad-Hoc|ARM.ActiveCfg = Release|ARM
		{926E591F-3417-49C6-AE8B-0CFACFADD74E}.Ad-Hoc|ARM.Build.0 = Release|ARM
		{926E591F-3417-49C6-AE8B-0CFACFADD74E}.Ad-Hoc|ARM.Deploy.0 = Release|ARM
		{926E591F-3417-49C6-AE8B-0CFACFADD74E}.Ad-Hoc|iPhone.ActiveCfg = Release|x86
		{926E591F-3417-49C6-AE8B-0CFACFADD74E}.Ad-Hoc|iPhone.Build.0 = Release|x86
		{926E591F-3417-49C6-AE8B-0CFACFADD74E}.Ad-Hoc|iPhone.Deploy.0 = Release|x86
		{926E591F-3417-49C6-AE8B-0CFACFADD74E}.Ad-Hoc|iPhoneSimulator.ActiveCfg = Release|x86
		{926E591F-3417-49C6-AE8B-0CFACFADD74E}.Ad-Hoc|iPhoneSimulator.Build.0 = Release|x86
		{926E591F-3417-49C6-AE8B-0CFACFADD74E}.Ad-Hoc|iPhoneSimulator.Deploy.0 = Release|x86
		{926E591F-3417-49C6-AE8B-0CFACFADD74E}.Ad-Hoc|x64.ActiveCfg = Release|x64
		{926E591F-3417-49C6-AE8B-0CFACFADD74E}.Ad-Hoc|x64.Build.0 = Release|x64
		{926E591F-3417-49C6-AE8B-0CFACFADD74E}.Ad-Hoc|x64.Deploy.0 = Release|x64
		{926E591F-3417-49C6-AE8B-0CFACFADD74E}.Ad-Hoc|x86.ActiveCfg = Release|x86
		{926E591F-3417-49C6-AE8B-0CFACFADD74E}.Ad-Hoc|x86.Build.0 = Release|x86
		{926E591F-3417-49C6-AE8B-0CFACFADD74E}.Ad-Hoc|x86.Deploy.0 = Release|x86
		{926E591F-3417-49C6-AE8B-0CFACFADD74E}.AppStore|Any CPU.ActiveCfg = Release|x86
		{926E591F-3417-49C6-AE8B-0CFACFADD74E}.AppStore|Any CPU.Build.0 = Release|x86
		{926E591F-3417-49C6-AE8B-0CFACFADD74E}.AppStore|Any CPU.Deploy.0 = Release|x86
		{926E591F-3417-49C6-AE8B-0CFACFADD74E}.AppStore|ARM.ActiveCfg = Release|ARM
		{926E591F-3417-49C6-AE8B-0CFACFADD74E}.AppStore|ARM.Build.0 = Release|ARM
		{926E591F-3417-49C6-AE8B-0CFACFADD74E}.AppStore|ARM.Deploy.0 = Release|ARM
		{926E591F-3417-49C6-AE8B-0CFACFADD74E}.AppStore|iPhone.ActiveCfg = Release|x86
		{926E591F-3417-49C6-AE8B-0CFACFADD74E}.AppStore|iPhone.Build.0 = Release|x86
		{926E591F-3417-49C6-AE8B-0CFACFADD74E}.AppStore|iPhone.Deploy.0 = Release|x86
		{926E591F-3417-49C6-AE8B-0CFACFADD74E}.AppStore|iPhoneSimulator.ActiveCfg = Release|x86
		{926E591F-3417-49C6-AE8B-0CFACFADD74E}.AppStore|iPhoneSimulator.Build.0 = Release|x86
		{926E591F-3417-49C6-AE8B-0CFACFADD74E}.AppStore|iPhoneSimulator.Deploy.0 = Release|x86
		{926E591F-3417-49C6-AE8B-0CFACFADD74E}.AppStore|x64.ActiveCfg = Release|x64
		{926E591F-3417-49C6-AE8B-0CFACFADD74E}.AppStore|x64.Build.0 = Release|x64
		{926E591F-3417-49C6-AE8B-0CFACFADD74E}.AppStore|x64.Deploy.0 = Release|x64
		{926E591F-3417-49C6-AE8B-0CFACFADD74E}.AppStore|x86.ActiveCfg = Release|x86
		{926E591F-3417-49C6-AE8B-0CFACFADD74E}.AppStore|x86.Build.0 = Release|x86
		{926E591F-3417-49C6-AE8B-0CFACFADD74E}.AppStore|x86.Deploy.0 = Release|x86
		{926E591F-3417-49C6-AE8B-0CFACFADD74E}.Debug|Any CPU.ActiveCfg = Debug|x86
		{926E591F-3417-49C6-AE8B-0CFACFADD74E}.Debug|Any CPU.Deploy.0 = Debug|x86
		{926E591F-3417-49C6-AE8B-0CFACFADD74E}.Debug|ARM.ActiveCfg = Debug|ARM
		{926E591F-3417-49C6-AE8B-0CFACFADD74E}.Debug|ARM.Build.0 = Debug|ARM
		{926E591F-3417-49C6-AE8B-0CFACFADD74E}.Debug|ARM.Deploy.0 = Debug|ARM
		{926E591F-3417-49C6-AE8B-0CFACFADD74E}.Debug|iPhone.ActiveCfg = Debug|x86
		{926E591F-3417-49C6-AE8B-0CFACFADD74E}.Debug|iPhoneSimulator.ActiveCfg = Debug|x86
		{926E591F-3417-49C6-AE8B-0CFACFADD74E}.Debug|x64.ActiveCfg = Debug|x64
		{926E591F-3417-49C6-AE8B-0CFACFADD74E}.Debug|x64.Build.0 = Debug|x64
		{926E591F-3417-49C6-AE8B-0CFACFADD74E}.Debug|x64.Deploy.0 = Debug|x64
		{926E591F-3417-49C6-AE8B-0CFACFADD74E}.Debug|x86.ActiveCfg = Debug|x86
		{926E591F-3417-49C6-AE8B-0CFACFADD74E}.Debug|x86.Build.0 = Debug|x86
		{926E591F-3417-49C6-AE8B-0CFACFADD74E}.Debug|x86.Deploy.0 = Debug|x86
		{926E591F-3417-49C6-AE8B-0CFACFADD74E}.Release|Any CPU.ActiveCfg = Release|x86
		{926E591F-3417-49C6-AE8B-0CFACFADD74E}.Release|ARM.ActiveCfg = Release|ARM
		{926E591F-3417-49C6-AE8B-0CFACFADD74E}.Release|ARM.Build.0 = Release|ARM
		{926E591F-3417-49C6-AE8B-0CFACFADD74E}.Release|ARM.Deploy.0 = Release|ARM
		{926E591F-3417-49C6-AE8B-0CFACFADD74E}.Release|iPhone.ActiveCfg = Release|x86
		{926E591F-3417-49C6-AE8B-0CFACFADD74E}.Release|iPhoneSimulator.ActiveCfg = Release|x86
		{926E591F-3417-49C6-AE8B-0CFACFADD74E}.Release|x64.ActiveCfg = Release|x64
		{926E591F-3417-49C6-AE8B-0CFACFADD74E}.Release|x64.Build.0 = Release|x64
		{926E591F-3417-49C6-AE8B-0CFACFADD74E}.Release|x64.Deploy.0 = Release|x64
		{926E591F-3417-49C6-AE8B-0CFACFADD74E}.Release|x86.ActiveCfg = Release|x86
		{926E591F-3417-49C6-AE8B-0CFACFADD74E}.Release|x86.Build.0 = Release|x86
		{926E591F-3417-49C6-AE8B-0CFACFADD74E}.Release|x86.Deploy.0 = Release|x86
		{87C27927-4A36-4114-8D90-176B6784B2B5}.Ad-Hoc|Any CPU.ActiveCfg = Ad-Hoc|iPhone
		{87C27927-4A36-4114-8D90-176B6784B2B5}.Ad-Hoc|ARM.ActiveCfg = Ad-Hoc|iPhone
		{87C27927-4A36-4114-8D90-176B6784B2B5}.Ad-Hoc|iPhone.ActiveCfg = Ad-Hoc|iPhone
		{87C27927-4A36-4114-8D90-176B6784B2B5}.Ad-Hoc|iPhone.Build.0 = Ad-Hoc|iPhone
		{87C27927-4A36-4114-8D90-176B6784B2B5}.Ad-Hoc|iPhoneSimulator.ActiveCfg = Ad-Hoc|iPhoneSimulator
		{87C27927-4A36-4114-8D90-176B6784B2B5}.Ad-Hoc|iPhoneSimulator.Build.0 = Ad-Hoc|iPhoneSimulator
		{87C27927-4A36-4114-8D90-176B6784B2B5}.Ad-Hoc|x64.ActiveCfg = Ad-Hoc|iPhone
		{87C27927-4A36-4114-8D90-176B6784B2B5}.Ad-Hoc|x86.ActiveCfg = Ad-Hoc|iPhone
		{87C27927-4A36-4114-8D90-176B6784B2B5}.AppStore|Any CPU.ActiveCfg = AppStore|iPhone
		{87C27927-4A36-4114-8D90-176B6784B2B5}.AppStore|ARM.ActiveCfg = AppStore|iPhone
		{87C27927-4A36-4114-8D90-176B6784B2B5}.AppStore|iPhone.ActiveCfg = AppStore|iPhone
		{87C27927-4A36-4114-8D90-176B6784B2B5}.AppStore|iPhone.Build.0 = AppStore|iPhone
		{87C27927-4A36-4114-8D90-176B6784B2B5}.AppStore|iPhoneSimulator.ActiveCfg = AppStore|iPhoneSimulator
		{87C27927-4A36-4114-8D90-176B6784B2B5}.AppStore|iPhoneSimulator.Build.0 = AppStore|iPhoneSimulator
		{87C27927-4A36-4114-8D90-176B6784B2B5}.AppStore|x64.ActiveCfg = AppStore|iPhone
		{87C27927-4A36-4114-8D90-176B6784B2B5}.AppStore|x86.ActiveCfg = AppStore|iPhone
		{87C27927-4A36-4114-8D90-176B6784B2B5}.Debug|Any CPU.ActiveCfg = Debug|iPhone
		{87C27927-4A36-4114-8D90-176B6784B2B5}.Debug|ARM.ActiveCfg = Debug|iPhone
		{87C27927-4A36-4114-8D90-176B6784B2B5}.Debug|iPhone.ActiveCfg = Debug|iPhone
		{87C27927-4A36-4114-8D90-176B6784B2B5}.Debug|iPhone.Build.0 = Debug|iPhone
		{87C27927-4A36-4114-8D90-176B6784B2B5}.Debug|iPhoneSimulator.ActiveCfg = Debug|iPhoneSimulator
		{87C27927-4A36-4114-8D90-176B6784B2B5}.Debug|iPhoneSimulator.Build.0 = Debug|iPhoneSimulator
		{87C27927-4A36-4114-8D90-176B6784B2B5}.Debug|x64.ActiveCfg = Debug|iPhone
		{87C27927-4A36-4114-8D90-176B6784B2B5}.Debug|x86.ActiveCfg = Debug|iPhone
		{87C27927-4A36-4114-8D90-176B6784B2B5}.Release|Any CPU.ActiveCfg = Release|iPhone
		{87C27927-4A36-4114-8D90-176B6784B2B5}.Release|ARM.ActiveCfg = Release|iPhone
		{87C27927-4A36-4114-8D90-176B6784B2B5}.Release|iPhone.ActiveCfg = Release|iPhone
		{87C27927-4A36-4114-8D90-176B6784B2B5}.Release|iPhone.Build.0 = Release|iPhone
		{87C27927-4A36-4114-8D90-176B6784B2B5}.Release|iPhoneSimulator.ActiveCfg = Release|iPhoneSimulator
		{87C27927-4A36-4114-8D90-176B6784B2B5}.Release|iPhoneSimulator.Build.0 = Release|iPhoneSimulator
		{87C27927-4A36-4114-8D90-176B6784B2B5}.Release|x64.ActiveCfg = Release|iPhone
		{87C27927-4A36-4114-8D90-176B6784B2B5}.Release|x86.ActiveCfg = Release|iPhone
	EndGlobalSection
	GlobalSection(SolutionProperties) = preSolution
		HideSolutionNode = FALSE
	EndGlobalSection
EndGlobal
